
Microsoft Visual Studio Solution File, Format Version 12.00
# Visual Studio 15
Project("{FAE04EC0-301F-11D3-BF4B-00C04F79EFBC}") = "Assembly-CSharp", "Assembly-CSharp.csproj", "{402A5BAF-9583-7B52-B5ED-10C260EE2DC7}"
EndProject
Project("{FAE04EC0-301F-11D3-BF4B-00C04F79EFBC}") = "Assembly-CSharp-Editor", "Assembly-CSharp-Editor.csproj", "{EF2F6537-B458-FCDF-47E0-D019FF6B522E}"
EndProject
Project("{FAE04EC0-301F-11D3-BF4B-00C04F79EFBC}") = "Root", "Root.csproj", "{6AEA6723-83D3-538F-6035-21377545A8D4}"
EndProject
Project("{FAE04EC0-301F-11D3-BF4B-00C04F79EFBC}") = "Tests", "Tests.csproj", "{68F94131-48A6-02F4-8D9E-EA47A4B0CC65}"
EndProject
Global
	GlobalSection(SolutionConfigurationPlatforms) = preSolution
		Debug|Any CPU = Debug|Any CPU
		Release|Any CPU = Release|Any CPU
	EndGlobalSection
	GlobalSection(ProjectConfigurationPlatforms) = postSolution
		{402A5BAF-9583-7B52-B5ED-10C260EE2DC7}.Debug|Any CPU.ActiveCfg = Debug|Any CPU
		{402A5BAF-9583-7B52-B5ED-10C260EE2DC7}.Debug|Any CPU.Build.0 = Debug|Any CPU
		{402A5BAF-9583-7B52-B5ED-10C260EE2DC7}.Release|Any CPU.ActiveCfg = Release|Any CPU
		{402A5BAF-9583-7B52-B5ED-10C260EE2DC7}.Release|Any CPU.Build.0 = Release|Any CPU
		{EF2F6537-B458-FCDF-47E0-D019FF6B522E}.Debug|Any CPU.ActiveCfg = Debug|Any CPU
		{EF2F6537-B458-FCDF-47E0-D019FF6B522E}.Debug|Any CPU.Build.0 = Debug|Any CPU
		{EF2F6537-B458-FCDF-47E0-D019FF6B522E}.Release|Any CPU.ActiveCfg = Release|Any CPU
		{EF2F6537-B458-FCDF-47E0-D019FF6B522E}.Release|Any CPU.Build.0 = Release|Any CPU
		{6AEA6723-83D3-538F-6035-21377545A8D4}.Debug|Any CPU.ActiveCfg = Debug|Any CPU
		{6AEA6723-83D3-538F-6035-21377545A8D4}.Debug|Any CPU.Build.0 = Debug|Any CPU
		{6AEA6723-83D3-538F-6035-21377545A8D4}.Release|Any CPU.ActiveCfg = Release|Any CPU
		{6AEA6723-83D3-538F-6035-21377545A8D4}.Release|Any CPU.Build.0 = Release|Any CPU
		{68F94131-48A6-02F4-8D9E-EA47A4B0CC65}.Debug|Any CPU.ActiveCfg = Debug|Any CPU
		{68F94131-48A6-02F4-8D9E-EA47A4B0CC65}.Debug|Any CPU.Build.0 = Debug|Any CPU
		{68F94131-48A6-02F4-8D9E-EA47A4B0CC65}.Release|Any CPU.ActiveCfg = Release|Any CPU
		{68F94131-48A6-02F4-8D9E-EA47A4B0CC65}.Release|Any CPU.Build.0 = Release|Any CPU
	EndGlobalSection
	GlobalSection(SolutionProperties) = preSolution
		HideSolutionNode = FALSE
	EndGlobalSection
EndGlobal
