
Microsoft Visual Studio Solution File, Format Version 11.00
# Visual Studio 2010
Project("{FAE04EC0-301F-11D3-BF4B-00C04F79EFBC}") = "Assembly-CSharp", "Assembly-CSharp.csproj", "{f58a14cf-f00d-d6ff-354a-fb3465fef81d}"
EndProject
Project("{FAE04EC0-301F-11D3-BF4B-00C04F79EFBC}") = "Assembly-CSharp-Editor", "Assembly-CSharp-Editor.csproj", "{4478b1f7-ed74-a88c-aca8-8f693cf5de56}"
EndProject
Project("{FAE04EC0-301F-11D3-BF4B-00C04F79EFBC}") = "Root", "Root.csproj", "{c7092cc1-8c88-6473-148b-3bc33a05ab3f}"
EndProject
Project("{FAE04EC0-301F-11D3-BF4B-00C04F79EFBC}") = "Tests", "Tests.csproj", "{94a19ba4-475c-b3a0-f237-e5a208bf7bb2}"
EndProject
Global
	GlobalSection(SolutionConfigurationPlatforms) = preSolution
		Debug|Any CPU = Debug|Any CPU
	EndGlobalSection
	GlobalSection(ProjectConfigurationPlatforms) = postSolution
		{f58a14cf-f00d-d6ff-354a-fb3465fef81d}.Debug|Any CPU.ActiveCfg = Debug|Any CPU
		{f58a14cf-f00d-d6ff-354a-fb3465fef81d}.Debug|Any CPU.Build.0 = Debug|Any CPU
		{4478b1f7-ed74-a88c-aca8-8f693cf5de56}.Debug|Any CPU.ActiveCfg = Debug|Any CPU
		{4478b1f7-ed74-a88c-aca8-8f693cf5de56}.Debug|Any CPU.Build.0 = Debug|Any CPU
		{c7092cc1-8c88-6473-148b-3bc33a05ab3f}.Debug|Any CPU.ActiveCfg = Debug|Any CPU
		{c7092cc1-8c88-6473-148b-3bc33a05ab3f}.Debug|Any CPU.Build.0 = Debug|Any CPU
		{94a19ba4-475c-b3a0-f237-e5a208bf7bb2}.Debug|Any CPU.ActiveCfg = Debug|Any CPU
		{94a19ba4-475c-b3a0-f237-e5a208bf7bb2}.Debug|Any CPU.Build.0 = Debug|Any CPU
	EndGlobalSection
	GlobalSection(SolutionProperties) = preSolution
		HideSolutionNode = FALSE
	EndGlobalSection
EndGlobal
