
Microsoft Visual Studio Solution File, Format Version 12.00
# Visual Studio 15
Project("{FAE04EC0-301F-11D3-BF4B-00C04F79EFBC}") = "Assembly-CSharp", "Assembly-CSharp.csproj", "{7A01F7FB-E5B0-727B-6391-9F78B772DEB3}"
EndProject
Project("{FAE04EC0-301F-11D3-BF4B-00C04F79EFBC}") = "Assembly-CSharp-Editor", "Assembly-CSharp-Editor.csproj", "{E1DBE330-CB1F-0665-9C7E-078454370358}"
EndProject
Project("{FAE04EC0-301F-11D3-BF4B-00C04F79EFBC}") = "Root", "Root.csproj", "{670109B1-FE94-097A-7BE2-4B6359A474D7}"
EndProject
Project("{FAE04EC0-301F-11D3-BF4B-00C04F79EFBC}") = "Tests", "Tests.csproj", "{36E15BEA-370E-6F65-8ED1-EA77A4CA509A}"
EndProject
Global
	GlobalSection(SolutionConfigurationPlatforms) = preSolution
		Debug|Any CPU = Debug|Any CPU
		Release|Any CPU = Release|Any CPU
	EndGlobalSection
	GlobalSection(ProjectConfigurationPlatforms) = postSolution
		{7A01F7FB-E5B0-727B-6391-9F78B772DEB3}.Debug|Any CPU.ActiveCfg = Debug|Any CPU
		{7A01F7FB-E5B0-727B-6391-9F78B772DEB3}.Debug|Any CPU.Build.0 = Debug|Any CPU
		{7A01F7FB-E5B0-727B-6391-9F78B772DEB3}.Release|Any CPU.ActiveCfg = Release|Any CPU
		{7A01F7FB-E5B0-727B-6391-9F78B772DEB3}.Release|Any CPU.Build.0 = Release|Any CPU
		{E1DBE330-CB1F-0665-9C7E-078454370358}.Debug|Any CPU.ActiveCfg = Debug|Any CPU
		{E1DBE330-CB1F-0665-9C7E-078454370358}.Debug|Any CPU.Build.0 = Debug|Any CPU
		{E1DBE330-CB1F-0665-9C7E-078454370358}.Release|Any CPU.ActiveCfg = Release|Any CPU
		{E1DBE330-CB1F-0665-9C7E-078454370358}.Release|Any CPU.Build.0 = Release|Any CPU
		{670109B1-FE94-097A-7BE2-4B6359A474D7}.Debug|Any CPU.ActiveCfg = Debug|Any CPU
		{670109B1-FE94-097A-7BE2-4B6359A474D7}.Debug|Any CPU.Build.0 = Debug|Any CPU
		{670109B1-FE94-097A-7BE2-4B6359A474D7}.Release|Any CPU.ActiveCfg = Release|Any CPU
		{670109B1-FE94-097A-7BE2-4B6359A474D7}.Release|Any CPU.Build.0 = Release|Any CPU
		{36E15BEA-370E-6F65-8ED1-EA77A4CA509A}.Debug|Any CPU.ActiveCfg = Debug|Any CPU
		{36E15BEA-370E-6F65-8ED1-EA77A4CA509A}.Debug|Any CPU.Build.0 = Debug|Any CPU
		{36E15BEA-370E-6F65-8ED1-EA77A4CA509A}.Release|Any CPU.ActiveCfg = Release|Any CPU
		{36E15BEA-370E-6F65-8ED1-EA77A4CA509A}.Release|Any CPU.Build.0 = Release|Any CPU
	EndGlobalSection
	GlobalSection(SolutionProperties) = preSolution
		HideSolutionNode = FALSE
	EndGlobalSection
EndGlobal
